// !$*UTF8*$!
{
	archiveVersion = 1;
	classes = {
	};
	objectVersion = 56;
	objects = {

/* Begin PBXBuildFile section */
		F40372342C1A0DBD002A5FF3 /* WaveformLiveView.swift in Sources */ = {isa = PBXBuildFile; fileRef = F40372332C1A0DBD002A5FF3 /* WaveformLiveView.swift */; };
		F40372362C1A0E0D002A5FF3 /* WaveformImageTypes.swift in Sources */ = {isa = PBXBuildFile; fileRef = F40372352C1A0E0D002A5FF3 /* WaveformImageTypes.swift */; };
		F40372382C1A0E1E002A5FF3 /* LinearWaveformRenderer.swift in Sources */ = {isa = PBXBuildFile; fileRef = F40372372C1A0E1E002A5FF3 /* LinearWaveformRenderer.swift */; };
		F403723B2C1A0E2E002A5FF3 /* WaveformImageDrawer+iOS.swift in Sources */ = {isa = PBXBuildFile; fileRef = F40372392C1A0E2E002A5FF3 /* WaveformImageDrawer+iOS.swift */; };
		F403723C2C1A0E2E002A5FF3 /* WaveformImageDrawer.swift in Sources */ = {isa = PBXBuildFile; fileRef = F403723A2C1A0E2E002A5FF3 /* WaveformImageDrawer.swift */; };
		F403723E2C1A0E42002A5FF3 /* WaveformRenderer.swift in Sources */ = {isa = PBXBuildFile; fileRef = F403723D2C1A0E42002A5FF3 /* WaveformRenderer.swift */; };
		F40372402C1A0E4E002A5FF3 /* WaveformAnalyzer.swift in Sources */ = {isa = PBXBuildFile; fileRef = F403723F2C1A0E4E002A5FF3 /* WaveformAnalyzer.swift */; };
		F409185F2C1890770070DF7B /* AppDelegate.swift in Sources */ = {isa = PBXBuildFile; fileRef = F409185E2C1890770070DF7B /* AppDelegate.swift */; };
		F40918612C1890770070DF7B /* SceneDelegate.swift in Sources */ = {isa = PBXBuildFile; fileRef = F40918602C1890770070DF7B /* SceneDelegate.swift */; };
		F40918682C1890790070DF7B /* Assets.xcassets in Resources */ = {isa = PBXBuildFile; fileRef = F40918672C1890790070DF7B /* Assets.xcassets */; };
		F409186B2C1890790070DF7B /* Base in Resources */ = {isa = PBXBuildFile; fileRef = F409186A2C1890790070DF7B /* Base */; };
		F40918762C1890BE0070DF7B /* TrackMerger.swift in Sources */ = {isa = PBXBuildFile; fileRef = F40918732C1890BE0070DF7B /* TrackMerger.swift */; };
		F4B527C52C18B97200D98F6B /* AudioRecorderController.swift in Sources */ = {isa = PBXBuildFile; fileRef = F4B527C42C18B97200D98F6B /* AudioRecorderController.swift */; };
		F4B527C82C18C1AB00D98F6B /* UIView+Extensions.swift in Sources */ = {isa = PBXBuildFile; fileRef = F40918722C1890BE0070DF7B /* UIView+Extensions.swift */; };
		F4B527F42C198C6E00D98F6B /* AudioRecorder.swift in Sources */ = {isa = PBXBuildFile; fileRef = F4B527F32C198C6E00D98F6B /* AudioRecorder.swift */; };
		F4E647CC2C1A289900DEF6CF /* Main.storyboard in Resources */ = {isa = PBXBuildFile; fileRef = F40918642C1890770070DF7B /* Main.storyboard */; };
		F4E647CD2C1A3F9600DEF6CF /* TempiFFT.swift in Sources */ = {isa = PBXBuildFile; fileRef = F40372412C1A0E59002A5FF3 /* TempiFFT.swift */; };
/* End PBXBuildFile section */

/* Begin PBXFileReference section */
		F40372332C1A0DBD002A5FF3 /* WaveformLiveView.swift */ = {isa = PBXFileReference; fileEncoding = 4; lastKnownFileType = sourcecode.swift; path = WaveformLiveView.swift; sourceTree = "<group>"; };
		F40372352C1A0E0D002A5FF3 /* WaveformImageTypes.swift */ = {isa = PBXFileReference; fileEncoding = 4; lastKnownFileType = sourcecode.swift; path = WaveformImageTypes.swift; sourceTree = "<group>"; };
		F40372372C1A0E1E002A5FF3 /* LinearWaveformRenderer.swift */ = {isa = PBXFileReference; fileEncoding = 4; lastKnownFileType = sourcecode.swift; path = LinearWaveformRenderer.swift; sourceTree = "<group>"; };
		F40372392C1A0E2E002A5FF3 /* WaveformImageDrawer+iOS.swift */ = {isa = PBXFileReference; fileEncoding = 4; lastKnownFileType = sourcecode.swift; path = "WaveformImageDrawer+iOS.swift"; sourceTree = "<group>"; };
		F403723A2C1A0E2E002A5FF3 /* WaveformImageDrawer.swift */ = {isa = PBXFileReference; fileEncoding = 4; lastKnownFileType = sourcecode.swift; path = WaveformImageDrawer.swift; sourceTree = "<group>"; };
		F403723D2C1A0E42002A5FF3 /* WaveformRenderer.swift */ = {isa = PBXFileReference; fileEncoding = 4; lastKnownFileType = sourcecode.swift; path = WaveformRenderer.swift; sourceTree = "<group>"; };
		F403723F2C1A0E4E002A5FF3 /* WaveformAnalyzer.swift */ = {isa = PBXFileReference; fileEncoding = 4; lastKnownFileType = sourcecode.swift; path = WaveformAnalyzer.swift; sourceTree = "<group>"; };
		F40372412C1A0E59002A5FF3 /* TempiFFT.swift */ = {isa = PBXFileReference; fileEncoding = 4; lastKnownFileType = sourcecode.swift; path = TempiFFT.swift; sourceTree = "<group>"; };
		F409185B2C1890770070DF7B /* AudioRecorder.app */ = {isa = PBXFileReference; explicitFileType = wrapper.application; includeInIndex = 0; path = AudioRecorder.app; sourceTree = BUILT_PRODUCTS_DIR; };
		F409185E2C1890770070DF7B /* AppDelegate.swift */ = {isa = PBXFileReference; lastKnownFileType = sourcecode.swift; path = AppDelegate.swift; sourceTree = "<group>"; };
		F40918602C1890770070DF7B /* SceneDelegate.swift */ = {isa = PBXFileReference; lastKnownFileType = sourcecode.swift; path = SceneDelegate.swift; sourceTree = "<group>"; };
		F40918652C1890770070DF7B /* Base */ = {isa = PBXFileReference; lastKnownFileType = file.storyboard; name = Base; path = Base.lproj/Main.storyboard; sourceTree = "<group>"; };
		F40918672C1890790070DF7B /* Assets.xcassets */ = {isa = PBXFileReference; lastKnownFileType = folder.assetcatalog; path = Assets.xcassets; sourceTree = "<group>"; };
		F409186A2C1890790070DF7B /* Base */ = {isa = PBXFileReference; lastKnownFileType = file.storyboard; name = Base; path = Base.lproj/LaunchScreen.storyboard; sourceTree = "<group>"; };
		F409186C2C1890790070DF7B /* Info.plist */ = {isa = PBXFileReference; lastKnownFileType = text.plist.xml; path = Info.plist; sourceTree = "<group>"; };
		F40918722C1890BE0070DF7B /* UIView+Extensions.swift */ = {isa = PBXFileReference; fileEncoding = 4; lastKnownFileType = sourcecode.swift; path = "UIView+Extensions.swift"; sourceTree = "<group>"; };
		F40918732C1890BE0070DF7B /* TrackMerger.swift */ = {isa = PBXFileReference; fileEncoding = 4; lastKnownFileType = sourcecode.swift; path = TrackMerger.swift; sourceTree = "<group>"; };
		F4B527C42C18B97200D98F6B /* AudioRecorderController.swift */ = {isa = PBXFileReference; lastKnownFileType = sourcecode.swift; path = AudioRecorderController.swift; sourceTree = "<group>"; };
		F4B527F32C198C6E00D98F6B /* AudioRecorder.swift */ = {isa = PBXFileReference; lastKnownFileType = sourcecode.swift; path = AudioRecorder.swift; sourceTree = "<group>"; };
/* End PBXFileReference section */

/* Begin PBXFrameworksBuildPhase section */
		F40918582C1890770070DF7B /* Frameworks */ = {
			isa = PBXFrameworksBuildPhase;
			buildActionMask = 2147483647;
			files = (
			);
			runOnlyForDeploymentPostprocessing = 0;
		};
/* End PBXFrameworksBuildPhase section */

/* Begin PBXGroup section */
		F40918522C1890770070DF7B = {
			isa = PBXGroup;
			children = (
				F409185D2C1890770070DF7B /* AudioRecorder */,
				F409185C2C1890770070DF7B /* Products */,
			);
			sourceTree = "<group>";
		};
		F409185C2C1890770070DF7B /* Products */ = {
			isa = PBXGroup;
			children = (
				F409185B2C1890770070DF7B /* AudioRecorder.app */,
			);
			name = Products;
			sourceTree = "<group>";
		};
		F409185D2C1890770070DF7B /* AudioRecorder */ = {
			isa = PBXGroup;
			children = (
				F409185E2C1890770070DF7B /* AppDelegate.swift */,
				F40918602C1890770070DF7B /* SceneDelegate.swift */,
				F40918642C1890770070DF7B /* Main.storyboard */,
				F40918672C1890790070DF7B /* Assets.xcassets */,
				F40918692C1890790070DF7B /* LaunchScreen.storyboard */,
				F409186C2C1890790070DF7B /* Info.plist */,
				F4E647D22C1A426600DEF6CF /* AudioRecorder */,
				F4E647D12C1A425A00DEF6CF /* Utils */,
				F4E647D02C1A424700DEF6CF /* Controllers */,
				F4E647CE2C1A421800DEF6CF /* WaveFormView */,
			);
			path = AudioRecorder;
			sourceTree = "<group>";
		};
		F4E647CE2C1A421800DEF6CF /* WaveFormView */ = {
			isa = PBXGroup;
			children = (
				F40372412C1A0E59002A5FF3 /* TempiFFT.swift */,
				F403723F2C1A0E4E002A5FF3 /* WaveformAnalyzer.swift */,
				F403723D2C1A0E42002A5FF3 /* WaveformRenderer.swift */,
				F403723A2C1A0E2E002A5FF3 /* WaveformImageDrawer.swift */,
				F40372392C1A0E2E002A5FF3 /* WaveformImageDrawer+iOS.swift */,
				F40372372C1A0E1E002A5FF3 /* LinearWaveformRenderer.swift */,
				F40372352C1A0E0D002A5FF3 /* WaveformImageTypes.swift */,
				F40372332C1A0DBD002A5FF3 /* WaveformLiveView.swift */,
			);
			path = WaveFormView;
			sourceTree = "<group>";
		};
		F4E647D02C1A424700DEF6CF /* Controllers */ = {
			isa = PBXGroup;
			children = (
				F4B527C42C18B97200D98F6B /* AudioRecorderController.swift */,
			);
			path = Controllers;
			sourceTree = "<group>";
		};
		F4E647D12C1A425A00DEF6CF /* Utils */ = {
			isa = PBXGroup;
			children = (
				F40918722C1890BE0070DF7B /* UIView+Extensions.swift */,
			);
			path = Utils;
			sourceTree = "<group>";
		};
		F4E647D22C1A426600DEF6CF /* AudioRecorder */ = {
			isa = PBXGroup;
			children = (
				F4B527F32C198C6E00D98F6B /* AudioRecorder.swift */,
				F40918732C1890BE0070DF7B /* TrackMerger.swift */,
			);
			path = AudioRecorder;
			sourceTree = "<group>";
		};
/* End PBXGroup section */

/* Begin PBXNativeTarget section */
		F409185A2C1890770070DF7B /* AudioRecorder */ = {
			isa = PBXNativeTarget;
			buildConfigurationList = F409186F2C1890790070DF7B /* Build configuration list for PBXNativeTarget "AudioRecorder" */;
			buildPhases = (
				F40918572C1890770070DF7B /* Sources */,
				F40918582C1890770070DF7B /* Frameworks */,
				F40918592C1890770070DF7B /* Resources */,
			);
			buildRules = (
			);
			dependencies = (
			);
			name = AudioRecorder;
			productName = AudioRecorder;
			productReference = F409185B2C1890770070DF7B /* AudioRecorder.app */;
			productType = "com.apple.product-type.application";
		};
/* End PBXNativeTarget section */

/* Begin PBXProject section */
		F40918532C1890770070DF7B /* Project object */ = {
			isa = PBXProject;
			attributes = {
				BuildIndependentTargetsInParallel = 1;
				LastSwiftUpdateCheck = 1540;
				LastUpgradeCheck = 1540;
				TargetAttributes = {
					F409185A2C1890770070DF7B = {
						CreatedOnToolsVersion = 15.4;
					};
				};
			};
			buildConfigurationList = F40918562C1890770070DF7B /* Build configuration list for PBXProject "AudioRecorder" */;
			compatibilityVersion = "Xcode 14.0";
			developmentRegion = en;
			hasScannedForEncodings = 0;
			knownRegions = (
				en,
				Base,
			);
			mainGroup = F40918522C1890770070DF7B;
			productRefGroup = F409185C2C1890770070DF7B /* Products */;
			projectDirPath = "";
			projectRoot = "";
			targets = (
				F409185A2C1890770070DF7B /* AudioRecorder */,
			);
		};
/* End PBXProject section */

/* Begin PBXResourcesBuildPhase section */
		F40918592C1890770070DF7B /* Resources */ = {
			isa = PBXResourcesBuildPhase;
			buildActionMask = 2147483647;
			files = (
				F40918682C1890790070DF7B /* Assets.xcassets in Resources */,
				F409186B2C1890790070DF7B /* Base in Resources */,
				F4E647CC2C1A289900DEF6CF /* Main.storyboard in Resources */,
			);
			runOnlyForDeploymentPostprocessing = 0;
		};
/* End PBXResourcesBuildPhase section */

/* Begin PBXSourcesBuildPhase section */
		F40918572C1890770070DF7B /* Sources */ = {
			isa = PBXSourcesBuildPhase;
			buildActionMask = 2147483647;
			files = (
				F409185F2C1890770070DF7B /* AppDelegate.swift in Sources */,
				F4B527F42C198C6E00D98F6B /* AudioRecorder.swift in Sources */,
				F40372382C1A0E1E002A5FF3 /* LinearWaveformRenderer.swift in Sources */,
				F40372362C1A0E0D002A5FF3 /* WaveformImageTypes.swift in Sources */,
				F40918612C1890770070DF7B /* SceneDelegate.swift in Sources */,
				F403723E2C1A0E42002A5FF3 /* WaveformRenderer.swift in Sources */,
				F40372402C1A0E4E002A5FF3 /* WaveformAnalyzer.swift in Sources */,
				F403723B2C1A0E2E002A5FF3 /* WaveformImageDrawer+iOS.swift in Sources */,
				F40372342C1A0DBD002A5FF3 /* WaveformLiveView.swift in Sources */,
				F40918762C1890BE0070DF7B /* TrackMerger.swift in Sources */,
				F4B527C52C18B97200D98F6B /* AudioRecorderController.swift in Sources */,
				F4B527C82C18C1AB00D98F6B /* UIView+Extensions.swift in Sources */,
				F4E647CD2C1A3F9600DEF6CF /* TempiFFT.swift in Sources */,
				F403723C2C1A0E2E002A5FF3 /* WaveformImageDrawer.swift in Sources */,
			);
			runOnlyForDeploymentPostprocessing = 0;
		};
/* End PBXSourcesBuildPhase section */

/* Begin PBXVariantGroup section */
		F40918642C1890770070DF7B /* Main.storyboard */ = {
			isa = PBXVariantGroup;
			children = (
				F40918652C1890770070DF7B /* Base */,
			);
			name = Main.storyboard;
			sourceTree = "<group>";
		};
		F40918692C1890790070DF7B /* LaunchScreen.storyboard */ = {
			isa = PBXVariantGroup;
			children = (
				F409186A2C1890790070DF7B /* Base */,
			);
			name = LaunchScreen.storyboard;
			sourceTree = "<group>";
		};
/* End PBXVariantGroup section */

/* Begin XCBuildConfiguration section */
		F409186D2C1890790070DF7B /* Debug */ = {
			isa = XCBuildConfiguration;
			buildSettings = {
				ALWAYS_SEARCH_USER_PATHS = NO;
				ASSETCATALOG_COMPILER_GENERATE_SWIFT_ASSET_SYMBOL_EXTENSIONS = YES;
				CLANG_ANALYZER_NONNULL = YES;
				CLANG_ANALYZER_NUMBER_OBJECT_CONVERSION = YES_AGGRESSIVE;
				CLANG_CXX_LANGUAGE_STANDARD = "gnu++20";
				CLANG_ENABLE_MODULES = YES;
				CLANG_ENABLE_OBJC_ARC = YES;
				CLANG_ENABLE_OBJC_WEAK = YES;
				CLANG_WARN_BLOCK_CAPTURE_AUTORELEASING = YES;
				CLANG_WARN_BOOL_CONVERSION = YES;
				CLANG_WARN_COMMA = YES;
				CLANG_WARN_CONSTANT_CONVERSION = YES;
				CLANG_WARN_DEPRECATED_OBJC_IMPLEMENTATIONS = YES;
				CLANG_WARN_DIRECT_OBJC_ISA_USAGE = YES_ERROR;
				CLANG_WARN_DOCUMENTATION_COMMENTS = YES;
				CLANG_WARN_EMPTY_BODY = YES;
				CLANG_WARN_ENUM_CONVERSION = YES;
				CLANG_WARN_INFINITE_RECURSION = YES;
				CLANG_WARN_INT_CONVERSION = YES;
				CLANG_WARN_NON_LITERAL_NULL_CONVERSION = YES;
				CLANG_WARN_OBJC_IMPLICIT_RETAIN_SELF = YES;
				CLANG_WARN_OBJC_LITERAL_CONVERSION = YES;
				CLANG_WARN_OBJC_ROOT_CLASS = YES_ERROR;
				CLANG_WARN_QUOTED_INCLUDE_IN_FRAMEWORK_HEADER = YES;
				CLANG_WARN_RANGE_LOOP_ANALYSIS = YES;
				CLANG_WARN_STRICT_PROTOTYPES = YES;
				CLANG_WARN_SUSPICIOUS_MOVE = YES;
				CLANG_WARN_UNGUARDED_AVAILABILITY = YES_AGGRESSIVE;
				CLANG_WARN_UNREACHABLE_CODE = YES;
				CLANG_WARN__DUPLICATE_METHOD_MATCH = YES;
				COPY_PHASE_STRIP = NO;
				DEBUG_INFORMATION_FORMAT = dwarf;
				ENABLE_STRICT_OBJC_MSGSEND = YES;
				ENABLE_TESTABILITY = YES;
				ENABLE_USER_SCRIPT_SANDBOXING = YES;
				GCC_C_LANGUAGE_STANDARD = gnu17;
				GCC_DYNAMIC_NO_PIC = NO;
				GCC_NO_COMMON_BLOCKS = YES;
				GCC_OPTIMIZATION_LEVEL = 0;
				GCC_PREPROCESSOR_DEFINITIONS = (
					"DEBUG=1",
					"$(inherited)",
				);
				GCC_WARN_64_TO_32_BIT_CONVERSION = YES;
				GCC_WARN_ABOUT_RETURN_TYPE = YES_ERROR;
				GCC_WARN_UNDECLARED_SELECTOR = YES;
				GCC_WARN_UNINITIALIZED_AUTOS = YES_AGGRESSIVE;
				GCC_WARN_UNUSED_FUNCTION = YES;
				GCC_WARN_UNUSED_VARIABLE = YES;
				IPHONEOS_DEPLOYMENT_TARGET = 15.0;
				LOCALIZATION_PREFERS_STRING_CATALOGS = YES;
				MTL_ENABLE_DEBUG_INFO = INCLUDE_SOURCE;
				MTL_FAST_MATH = YES;
				ONLY_ACTIVE_ARCH = YES;
				SDKROOT = iphoneos;
				SWIFT_ACTIVE_COMPILATION_CONDITIONS = "DEBUG $(inherited)";
				SWIFT_OPTIMIZATION_LEVEL = "-Onone";
			};
			name = Debug;
		};
		F409186E2C1890790070DF7B /* Release */ = {
			isa = XCBuildConfiguration;
			buildSettings = {
				ALWAYS_SEARCH_USER_PATHS = NO;
				ASSETCATALOG_COMPILER_GENERATE_SWIFT_ASSET_SYMBOL_EXTENSIONS = YES;
				CLANG_ANALYZER_NONNULL = YES;
				CLANG_ANALYZER_NUMBER_OBJECT_CONVERSION = YES_AGGRESSIVE;
				CLANG_CXX_LANGUAGE_STANDARD = "gnu++20";
				CLANG_ENABLE_MODULES = YES;
				CLANG_ENABLE_OBJC_ARC = YES;
				CLANG_ENABLE_OBJC_WEAK = YES;
				CLANG_WARN_BLOCK_CAPTURE_AUTORELEASING = YES;
				CLANG_WARN_BOOL_CONVERSION = YES;
				CLANG_WARN_COMMA = YES;
				CLANG_WARN_CONSTANT_CONVERSION = YES;
				CLANG_WARN_DEPRECATED_OBJC_IMPLEMENTATIONS = YES;
				CLANG_WARN_DIRECT_OBJC_ISA_USAGE = YES_ERROR;
				CLANG_WARN_DOCUMENTATION_COMMENTS = YES;
				CLANG_WARN_EMPTY_BODY = YES;
				CLANG_WARN_ENUM_CONVERSION = YES;
				CLANG_WARN_INFINITE_RECURSION = YES;
				CLANG_WARN_INT_CONVERSION = YES;
				CLANG_WARN_NON_LITERAL_NULL_CONVERSION = YES;
				CLANG_WARN_OBJC_IMPLICIT_RETAIN_SELF = YES;
				CLANG_WARN_OBJC_LITERAL_CONVERSION = YES;
				CLANG_WARN_OBJC_ROOT_CLASS = YES_ERROR;
				CLANG_WARN_QUOTED_INCLUDE_IN_FRAMEWORK_HEADER = YES;
				CLANG_WARN_RANGE_LOOP_ANALYSIS = YES;
				CLANG_WARN_STRICT_PROTOTYPES = YES;
				CLANG_WARN_SUSPICIOUS_MOVE = YES;
				CLANG_WARN_UNGUARDED_AVAILABILITY = YES_AGGRESSIVE;
				CLANG_WARN_UNREACHABLE_CODE = YES;
				CLANG_WARN__DUPLICATE_METHOD_MATCH = YES;
				COPY_PHASE_STRIP = NO;
				DEBUG_INFORMATION_FORMAT = "dwarf-with-dsym";
				ENABLE_NS_ASSERTIONS = NO;
				ENABLE_STRICT_OBJC_MSGSEND = YES;
				ENABLE_USER_SCRIPT_SANDBOXING = YES;
				GCC_C_LANGUAGE_STANDARD = gnu17;
				GCC_NO_COMMON_BLOCKS = YES;
				GCC_WARN_64_TO_32_BIT_CONVERSION = YES;
				GCC_WARN_ABOUT_RETURN_TYPE = YES_ERROR;
				GCC_WARN_UNDECLARED_SELECTOR = YES;
				GCC_WARN_UNINITIALIZED_AUTOS = YES_AGGRESSIVE;
				GCC_WARN_UNUSED_FUNCTION = YES;
				GCC_WARN_UNUSED_VARIABLE = YES;
				IPHONEOS_DEPLOYMENT_TARGET = 15.0;
				LOCALIZATION_PREFERS_STRING_CATALOGS = YES;
				MTL_ENABLE_DEBUG_INFO = NO;
				MTL_FAST_MATH = YES;
				SDKROOT = iphoneos;
				SWIFT_COMPILATION_MODE = wholemodule;
				VALIDATE_PRODUCT = YES;
			};
			name = Release;
		};
		F40918702C1890790070DF7B /* Debug */ = {
			isa = XCBuildConfiguration;
			buildSettings = {
				ASSETCATALOG_COMPILER_APPICON_NAME = AppIcon;
				ASSETCATALOG_COMPILER_GLOBAL_ACCENT_COLOR_NAME = AccentColor;
				CODE_SIGN_IDENTITY = "Apple Development";
				CODE_SIGN_STYLE = Automatic;
				CURRENT_PROJECT_VERSION = 1;
				DEVELOPMENT_TEAM = SC3D86JVL3;
				GENERATE_INFOPLIST_FILE = YES;
				INFOPLIST_FILE = AudioRecorder/Info.plist;
				INFOPLIST_KEY_UIApplicationSupportsIndirectInputEvents = YES;
				INFOPLIST_KEY_UILaunchStoryboardName = LaunchScreen;
				INFOPLIST_KEY_UIMainStoryboardFile = Main;
				INFOPLIST_KEY_UISupportedInterfaceOrientations_iPad = "UIInterfaceOrientationPortrait UIInterfaceOrientationPortraitUpsideDown UIInterfaceOrientationLandscapeLeft UIInterfaceOrientationLandscapeRight";
				INFOPLIST_KEY_UISupportedInterfaceOrientations_iPhone = "UIInterfaceOrientationPortrait UIInterfaceOrientationLandscapeLeft UIInterfaceOrientationLandscapeRight";
				IPHONEOS_DEPLOYMENT_TARGET = 15.0;
				LD_RUNPATH_SEARCH_PATHS = (
					"$(inherited)",
					"@executable_path/Frameworks",
				);
				MARKETING_VERSION = 1.0;
				PRODUCT_BUNDLE_IDENTIFIER = com.afsal.AudioRecorder;
				PRODUCT_NAME = "$(TARGET_NAME)";
				PROVISIONING_PROFILE_SPECIFIER = "";
				SWIFT_EMIT_LOC_STRINGS = YES;
				SWIFT_VERSION = 5.0;
				TARGETED_DEVICE_FAMILY = "1,2";
			};
			name = Debug;
		};
		F40918712C1890790070DF7B /* Release */ = {
			isa = XCBuildConfiguration;
			buildSettings = {
				ASSETCATALOG_COMPILER_APPICON_NAME = AppIcon;
				ASSETCATALOG_COMPILER_GLOBAL_ACCENT_COLOR_NAME = AccentColor;
				CODE_SIGN_IDENTITY = "Apple Development";
				CODE_SIGN_STYLE = Automatic;
				CURRENT_PROJECT_VERSION = 1;
				DEVELOPMENT_TEAM = SC3D86JVL3;
				GENERATE_INFOPLIST_FILE = YES;
				INFOPLIST_FILE = AudioRecorder/Info.plist;
				INFOPLIST_KEY_UIApplicationSupportsIndirectInputEvents = YES;
				INFOPLIST_KEY_UILaunchStoryboardName = LaunchScreen;
				INFOPLIST_KEY_UIMainStoryboardFile = Main;
				INFOPLIST_KEY_UISupportedInterfaceOrientations_iPad = "UIInterfaceOrientationPortrait UIInterfaceOrientationPortraitUpsideDown UIInterfaceOrientationLandscapeLeft UIInterfaceOrientationLandscapeRight";
				INFOPLIST_KEY_UISupportedInterfaceOrientations_iPhone = "UIInterfaceOrientationPortrait UIInterfaceOrientationLandscapeLeft UIInterfaceOrientationLandscapeRight";
				IPHONEOS_DEPLOYMENT_TARGET = 15.0;
				LD_RUNPATH_SEARCH_PATHS = (
					"$(inherited)",
					"@executable_path/Frameworks",
				);
				MARKETING_VERSION = 1.0;
				PRODUCT_BUNDLE_IDENTIFIER = com.afsal.AudioRecorder;
				PRODUCT_NAME = "$(TARGET_NAME)";
				PROVISIONING_PROFILE_SPECIFIER = "";
				SWIFT_EMIT_LOC_STRINGS = YES;
				SWIFT_VERSION = 5.0;
				TARGETED_DEVICE_FAMILY = "1,2";
			};
			name = Release;
		};
/* End XCBuildConfiguration section */

/* Begin XCConfigurationList section */
		F40918562C1890770070DF7B /* Build configuration list for PBXProject "AudioRecorder" */ = {
			isa = XCConfigurationList;
			buildConfigurations = (
				F409186D2C1890790070DF7B /* Debug */,
				F409186E2C1890790070DF7B /* Release */,
			);
			defaultConfigurationIsVisible = 0;
			defaultConfigurationName = Release;
		};
		F409186F2C1890790070DF7B /* Build configuration list for PBXNativeTarget "AudioRecorder" */ = {
			isa = XCConfigurationList;
			buildConfigurations = (
				F40918702C1890790070DF7B /* Debug */,
				F40918712C1890790070DF7B /* Release */,
			);
			defaultConfigurationIsVisible = 0;
			defaultConfigurationName = Release;
		};
/* End XCConfigurationList section */
	};
	rootObject = F40918532C1890770070DF7B /* Project object */;
}
